// !$*UTF8*$!
{
	archiveVersion = 1;
	classes = {
	};
	objectVersion = 77;
	objects = {

/* Begin PBXBuildFile section */
		BC5151372F7B160C0059AEBF /* QuotaUsageView.swift in Sources */ = {isa = PBXBuildFile; fileRef = BC5151362F7B160C0059AEBF /* QuotaUsageView.swift */; };
		BC51513A2F7B47FA0059AEBF /* StoreKit.framework in Frameworks */ = {isa = PBXBuildFile; fileRef = BC5151392F7B47FA0059AEBF /* StoreKit.framework */; };
		BCB1B9782F788AA400E59B19 /* KbuckStore.storekit in Resources */ = {isa = PBXBuildFile; fileRef = BCB1B9772F788AA400E59B19 /* KbuckStore.storekit */; };
		BCB1B9792F788AA400E59B19 /* KbuckStore.storekit in Resources */ = {isa = PBXBuildFile; fileRef = BCB1B9772F788AA400E59B19 /* KbuckStore.storekit */; };
		BCB1B97A2F788AA400E59B19 /* KbuckStore.storekit in Resources */ = {isa = PBXBuildFile; fileRef = BCB1B9772F788AA400E59B19 /* KbuckStore.storekit */; };
		BCD18D682F746F5B0018C5E6 /* Auth in Frameworks */ = {isa = PBXBuildFile; productRef = BCD18D672F746F5B0018C5E6 /* Auth */; };
		BCD18D6A2F746F5B0018C5E6 /* Functions in Frameworks */ = {isa = PBXBuildFile; productRef = BCD18D692F746F5B0018C5E6 /* Functions */; };
		BCD18D6C2F746F5B0018C5E6 /* PostgREST in Frameworks */ = {isa = PBXBuildFile; productRef = BCD18D6B2F746F5B0018C5E6 /* PostgREST */; };
		BCD18D6E2F746F5B0018C5E6 /* Realtime in Frameworks */ = {isa = PBXBuildFile; productRef = BCD18D6D2F746F5B0018C5E6 /* Realtime */; };
		BCD18D702F746F5B0018C5E6 /* Storage in Frameworks */ = {isa = PBXBuildFile; productRef = BCD18D6F2F746F5B0018C5E6 /* Storage */; };
		BCD18D722F746F5B0018C5E6 /* Supabase in Frameworks */ = {isa = PBXBuildFile; productRef = BCD18D712F746F5B0018C5E6 /* Supabase */; };
		BCD18D742F7478820018C5E6 /* HPDModels.swift in Sources */ = {isa = PBXBuildFile; fileRef = BCD18D732F7478820018C5E6 /* HPDModels.swift */; };
		BCD18D762F7478CD0018C5E6 /* HPDParser.swift in Sources */ = {isa = PBXBuildFile; fileRef = BCD18D752F7478CD0018C5E6 /* HPDParser.swift */; };
		BCD18D782F7479020018C5E6 /* SupabaseService.swift in Sources */ = {isa = PBXBuildFile; fileRef = BCD18D772F7479020018C5E6 /* SupabaseService.swift */; };
		BCD18D7A2F747AE60018C5E6 /* HPDSettingsView.swift in Sources */ = {isa = PBXBuildFile; fileRef = BCD18D792F747AE60018C5E6 /* HPDSettingsView.swift */; };
/* End PBXBuildFile section */

/* Begin PBXContainerItemProxy section */
		BC9A49492EA2CCAF00011997 /* PBXContainerItemProxy */ = {
			isa = PBXContainerItemProxy;
			containerPortal = BC9A49332EA2CCAE00011997 /* Project object */;
			proxyType = 1;
			remoteGlobalIDString = BC9A493A2EA2CCAE00011997;
			remoteInfo = Kbuck;
		};
		BC9A49532EA2CCAF00011997 /* PBXContainerItemProxy */ = {
			isa = PBXContainerItemProxy;
			containerPortal = BC9A49332EA2CCAE00011997 /* Project object */;
			proxyType = 1;
			remoteGlobalIDString = BC9A493A2EA2CCAE00011997;
			remoteInfo = Kbuck;
		};
/* End PBXContainerItemProxy section */

/* Begin PBXFileReference section */
		7A8ABAB82F8C834800CE17E7 /* AuctionSplashView.swift */ = {isa = PBXFileReference; lastKnownFileType = sourcecode.swift; path = AuctionSplashView.swift; sourceTree = "<group>"; };
		BC5151362F7B160C0059AEBF /* QuotaUsageView.swift */ = {isa = PBXFileReference; lastKnownFileType = sourcecode.swift; path = QuotaUsageView.swift; sourceTree = "<group>"; };
		BC5151392F7B47FA0059AEBF /* StoreKit.framework */ = {isa = PBXFileReference; lastKnownFileType = wrapper.framework; name = StoreKit.framework; path = System/Library/Frameworks/StoreKit.framework; sourceTree = SDKROOT; };
		BC9A493B2EA2CCAE00011997 /* Kbuck.app */ = {isa = PBXFileReference; explicitFileType = wrapper.application; includeInIndex = 0; path = Kbuck.app; sourceTree = BUILT_PRODUCTS_DIR; };
		BC9A49482EA2CCAF00011997 /* KbuckTests.xctest */ = {isa = PBXFileReference; explicitFileType = wrapper.cfbundle; includeInIndex = 0; path = KbuckTests.xctest; sourceTree = BUILT_PRODUCTS_DIR; };
		BC9A49522EA2CCAF00011997 /* KbuckUITests.xctest */ = {isa = PBXFileReference; explicitFileType = wrapper.cfbundle; includeInIndex = 0; path = KbuckUITests.xctest; sourceTree = BUILT_PRODUCTS_DIR; };
		BCB1B9772F788AA400E59B19 /* KbuckStore.storekit */ = {isa = PBXFileReference; lastKnownFileType = text; path = KbuckStore.storekit; sourceTree = "<group>"; };
		BCD18D732F7478820018C5E6 /* HPDModels.swift */ = {isa = PBXFileReference; lastKnownFileType = sourcecode.swift; path = HPDModels.swift; sourceTree = "<group>"; };
		BCD18D752F7478CD0018C5E6 /* HPDParser.swift */ = {isa = PBXFileReference; lastKnownFileType = sourcecode.swift; path = HPDParser.swift; sourceTree = "<group>"; };
		BCD18D772F7479020018C5E6 /* SupabaseService.swift */ = {isa = PBXFileReference; lastKnownFileType = sourcecode.swift; path = SupabaseService.swift; sourceTree = "<group>"; };
		BCD18D792F747AE60018C5E6 /* HPDSettingsView.swift */ = {isa = PBXFileReference; lastKnownFileType = sourcecode.swift; path = HPDSettingsView.swift; sourceTree = "<group>"; };
/* End PBXFileReference section */

/* Begin PBXFileSystemSynchronizedBuildFileExceptionSet section */
		BC6DF7432EB9159F00B789DB /* Exceptions for "Kbuck" folder in "Kbuck" target */ = {
			isa = PBXFileSystemSynchronizedBuildFileExceptionSet;
			membershipExceptions = (
				Info.plist,
			);
			target = BC9A493A2EA2CCAE00011997 /* Kbuck */;
		};
/* End PBXFileSystemSynchronizedBuildFileExceptionSet section */

/* Begin PBXFileSystemSynchronizedRootGroup section */
		BC9A493D2EA2CCAE00011997 /* Kbuck */ = {
			isa = PBXFileSystemSynchronizedRootGroup;
			exceptions = (
				BC6DF7432EB9159F00B789DB /* Exceptions for "Kbuck" folder in "Kbuck" target */,
			);
			path = Kbuck;
			sourceTree = "<group>";
		};
		BC9A494B2EA2CCAF00011997 /* KbuckTests */ = {
			isa = PBXFileSystemSynchronizedRootGroup;
			path = KbuckTests;
			sourceTree = "<group>";
		};
		BC9A49552EA2CCAF00011997 /* KbuckUITests */ = {
			isa = PBXFileSystemSynchronizedRootGroup;
			path = KbuckUITests;
			sourceTree = "<group>";
		};
/* End PBXFileSystemSynchronizedRootGroup section */

/* Begin PBXFrameworksBuildPhase section */
		BC9A49382EA2CCAE00011997 /* Frameworks */ = {
			isa = PBXFrameworksBuildPhase;
			buildActionMask = 2147483647;
			files = (
				BCD18D6C2F746F5B0018C5E6 /* PostgREST in Frameworks */,
				BC51513A2F7B47FA0059AEBF /* StoreKit.framework in Frameworks */,
				BCD18D6A2F746F5B0018C5E6 /* Functions in Frameworks */,
				BCD18D722F746F5B0018C5E6 /* Supabase in Frameworks */,
				BCD18D682F746F5B0018C5E6 /* Auth in Frameworks */,
				BCD18D702F746F5B0018C5E6 /* Storage in Frameworks */,
				BCD18D6E2F746F5B0018C5E6 /* Realtime in Frameworks */,
			);
			runOnlyForDeploymentPostprocessing = 0;
		};
		BC9A49452EA2CCAF00011997 /* Frameworks */ = {
			isa = PBXFrameworksBuildPhase;
			buildActionMask = 2147483647;
			files = (
			);
			runOnlyForDeploymentPostprocessing = 0;
		};
		BC9A494F2EA2CCAF00011997 /* Frameworks */ = {
			isa = PBXFrameworksBuildPhase;
			buildActionMask = 2147483647;
			files = (
			);
			runOnlyForDeploymentPostprocessing = 0;
		};
/* End PBXFrameworksBuildPhase section */

/* Begin PBXGroup section */
		BC5151382F7B47FA0059AEBF /* Frameworks */ = {
			isa = PBXGroup;
			children = (
				BC5151392F7B47FA0059AEBF /* StoreKit.framework */,
			);
			name = Frameworks;
			sourceTree = "<group>";
		};
		BC9A49322EA2CCAE00011997 = {
			isa = PBXGroup;
			children = (
				BC9A493D2EA2CCAE00011997 /* Kbuck */,
				BC9A494B2EA2CCAF00011997 /* KbuckTests */,
				BC9A49552EA2CCAF00011997 /* KbuckUITests */,
				BC9A493C2EA2CCAE00011997 /* Products */,
				BCD18D732F7478820018C5E6 /* HPDModels.swift */,
				BCD18D752F7478CD0018C5E6 /* HPDParser.swift */,
				BCD18D772F7479020018C5E6 /* SupabaseService.swift */,
				BCB1B9772F788AA400E59B19 /* KbuckStore.storekit */,
				BCD18D792F747AE60018C5E6 /* HPDSettingsView.swift */,
				BC5151362F7B160C0059AEBF /* QuotaUsageView.swift */,
				BC5151382F7B47FA0059AEBF /* Frameworks */,
			);
			sourceTree = "<group>";
		};
		BC9A493C2EA2CCAE00011997 /* Products */ = {
			isa = PBXGroup;
			children = (
				7A8ABAB82F8C834800CE17E7 /* AuctionSplashView.swift */,
				BC9A493B2EA2CCAE00011997 /* Kbuck.app */,
				BC9A49482EA2CCAF00011997 /* KbuckTests.xctest */,
				BC9A49522EA2CCAF00011997 /* KbuckUITests.xctest */,
			);
			name = Products;
			sourceTree = "<group>";
		};
/* End PBXGroup section */

/* Begin PBXNativeTarget section */
		BC9A493A2EA2CCAE00011997 /* Kbuck */ = {
			isa = PBXNativeTarget;
			buildConfigurationList = BC9A495C2EA2CCAF00011997 /* Build configuration list for PBXNativeTarget "Kbuck" */;
			buildPhases = (
				BC9A49372EA2CCAE00011997 /* Sources */,
				BC9A49382EA2CCAE00011997 /* Frameworks */,
				BC9A49392EA2CCAE00011997 /* Resources */,
			);
			buildRules = (
			);
			dependencies = (
			);
			fileSystemSynchronizedGroups = (
				BC9A493D2EA2CCAE00011997 /* Kbuck */,
			);
			name = Kbuck;
			packageProductDependencies = (
				BCD18D672F746F5B0018C5E6 /* Auth */,
				BCD18D692F746F5B0018C5E6 /* Functions */,
				BCD18D6B2F746F5B0018C5E6 /* PostgREST */,
				BCD18D6D2F746F5B0018C5E6 /* Realtime */,
				BCD18D6F2F746F5B0018C5E6 /* Storage */,
				BCD18D712F746F5B0018C5E6 /* Supabase */,
			);
			productName = Kbuck;
			productReference = BC9A493B2EA2CCAE00011997 /* Kbuck.app */;
			productType = "com.apple.product-type.application";
		};
		BC9A49472EA2CCAF00011997 /* KbuckTests */ = {
			isa = PBXNativeTarget;
			buildConfigurationList = BC9A495F2EA2CCAF00011997 /* Build configuration list for PBXNativeTarget "KbuckTests" */;
			buildPhases = (
				BC9A49442EA2CCAF00011997 /* Sources */,
				BC9A49452EA2CCAF00011997 /* Frameworks */,
				BC9A49462EA2CCAF00011997 /* Resources */,
			);
			buildRules = (
			);
			dependencies = (
				BC9A494A2EA2CCAF00011997 /* PBXTargetDependency */,
			);
			fileSystemSynchronizedGroups = (
				BC9A494B2EA2CCAF00011997 /* KbuckTests */,
			);
			name = KbuckTests;
			packageProductDependencies = (
			);
			productName = KbuckTests;
			productReference = BC9A49482EA2CCAF00011997 /* KbuckTests.xctest */;
			productType = "com.apple.product-type.bundle.unit-test";
		};
		BC9A49512EA2CCAF00011997 /* KbuckUITests */ = {
			isa = PBXNativeTarget;
			buildConfigurationList = BC9A49622EA2CCAF00011997 /* Build configuration list for PBXNativeTarget "KbuckUITests" */;
			buildPhases = (
				BC9A494E2EA2CCAF00011997 /* Sources */,
				BC9A494F2EA2CCAF00011997 /* Frameworks */,
				BC9A49502EA2CCAF00011997 /* Resources */,
			);
			buildRules = (
			);
			dependencies = (
				BC9A49542EA2CCAF00011997 /* PBXTargetDependency */,
			);
			fileSystemSynchronizedGroups = (
				BC9A49552EA2CCAF00011997 /* KbuckUITests */,
			);
			name = KbuckUITests;
			packageProductDependencies = (
			);
			productName = KbuckUITests;
			productReference = BC9A49522EA2CCAF00011997 /* KbuckUITests.xctest */;
			productType = "com.apple.product-type.bundle.ui-testing";
		};
/* End PBXNativeTarget section */

/* Begin PBXProject section */
		BC9A49332EA2CCAE00011997 /* Project object */ = {
			isa = PBXProject;
			attributes = {
				BuildIndependentTargetsInParallel = 1;
				LastSwiftUpdateCheck = 2610;
				LastUpgradeCheck = 2640;
				TargetAttributes = {
					BC9A493A2EA2CCAE00011997 = {
						CreatedOnToolsVersion = 26.1;
					};
					BC9A49472EA2CCAF00011997 = {
						CreatedOnToolsVersion = 26.1;
						TestTargetID = BC9A493A2EA2CCAE00011997;
					};
					BC9A49512EA2CCAF00011997 = {
						CreatedOnToolsVersion = 26.1;
						TestTargetID = BC9A493A2EA2CCAE00011997;
					};
				};
			};
			buildConfigurationList = BC9A49362EA2CCAE00011997 /* Build configuration list for PBXProject "Kbuck" */;
			developmentRegion = en;
			hasScannedForEncodings = 0;
			knownRegions = (
				en,
				Base,
			);
			mainGroup = BC9A49322EA2CCAE00011997;
			minimizedProjectReferenceProxies = 1;
			packageReferences = (
				BCD18D662F746F5B0018C5E6 /* XCRemoteSwiftPackageReference "supabase-swift" */,
			);
			preferredProjectObjectVersion = 77;
			productRefGroup = BC9A493C2EA2CCAE00011997 /* Products */;
			projectDirPath = "";
			projectRoot = "";
			targets = (
				BC9A493A2EA2CCAE00011997 /* Kbuck */,
				BC9A49472EA2CCAF00011997 /* KbuckTests */,
				BC9A49512EA2CCAF00011997 /* KbuckUITests */,
			);
		};
/* End PBXProject section */

/* Begin PBXResourcesBuildPhase section */
		BC9A49392EA2CCAE00011997 /* Resources */ = {
			isa = PBXResourcesBuildPhase;
			buildActionMask = 2147483647;
			files = (
				BCB1B9782F788AA400E59B19 /* KbuckStore.storekit in Resources */,
			);
			runOnlyForDeploymentPostprocessing = 0;
		};
		BC9A49462EA2CCAF00011997 /* Resources */ = {
			isa = PBXResourcesBuildPhase;
			buildActionMask = 2147483647;
			files = (
				BCB1B9792F788AA400E59B19 /* KbuckStore.storekit in Resources */,
			);
			runOnlyForDeploymentPostprocessing = 0;
		};
		BC9A49502EA2CCAF00011997 /* Resources */ = {
			isa = PBXResourcesBuildPhase;
			buildActionMask = 2147483647;
			files = (
				BCB1B97A2F788AA400E59B19 /* KbuckStore.storekit in Resources */,
			);
			runOnlyForDeploymentPostprocessing = 0;
		};
/* End PBXResourcesBuildPhase section */

/* Begin PBXSourcesBuildPhase section */
		BC9A49372EA2CCAE00011997 /* Sources */ = {
			isa = PBXSourcesBuildPhase;
			buildActionMask = 2147483647;
			files = (
				BCD18D782F7479020018C5E6 /* SupabaseService.swift in Sources */,
				BCD18D762F7478CD0018C5E6 /* HPDParser.swift in Sources */,
				BCD18D742F7478820018C5E6 /* HPDModels.swift in Sources */,
				BCD18D7A2F747AE60018C5E6 /* HPDSettingsView.swift in Sources */,
				BC5151372F7B160C0059AEBF /* QuotaUsageView.swift in Sources */,
			);
			runOnlyForDeploymentPostprocessing = 0;
		};
		BC9A49442EA2CCAF00011997 /* Sources */ = {
			isa = PBXSourcesBuildPhase;
			buildActionMask = 2147483647;
			files = (
			);
			runOnlyForDeploymentPostprocessing = 0;
		};
		BC9A494E2EA2CCAF00011997 /* Sources */ = {
			isa = PBXSourcesBuildPhase;
			buildActionMask = 2147483647;
			files = (
			);
			runOnlyForDeploymentPostprocessing = 0;
		};
/* End PBXSourcesBuildPhase section */

/* Begin PBXTargetDependency section */
		BC9A494A2EA2CCAF00011997 /* PBXTargetDependency */ = {
			isa = PBXTargetDependency;
			target = BC9A493A2EA2CCAE00011997 /* Kbuck */;
			targetProxy = BC9A49492EA2CCAF00011997 /* PBXContainerItemProxy */;
		};
		BC9A49542EA2CCAF00011997 /* PBXTargetDependency */ = {
			isa = PBXTargetDependency;
			target = BC9A493A2EA2CCAE00011997 /* Kbuck */;
			targetProxy = BC9A49532EA2CCAF00011997 /* PBXContainerItemProxy */;
		};
/* End PBXTargetDependency section */

/* Begin XCBuildConfiguration section */
		BC9A495A2EA2CCAF00011997 /* Debug */ = {
			isa = XCBuildConfiguration;
			buildSettings = {
				ALWAYS_SEARCH_USER_PATHS = NO;
				ASSETCATALOG_COMPILER_GENERATE_SWIFT_ASSET_SYMBOL_EXTENSIONS = YES;
				CLANG_ANALYZER_NONNULL = YES;
				CLANG_ANALYZER_NUMBER_OBJECT_CONVERSION = YES_AGGRESSIVE;
				CLANG_CXX_LANGUAGE_STANDARD = "gnu++20";
				CLANG_ENABLE_MODULES = YES;
				CLANG_ENABLE_OBJC_ARC = YES;
				CLANG_ENABLE_OBJC_WEAK = YES;
				CLANG_WARN_BLOCK_CAPTURE_AUTORELEASING = YES;
				CLANG_WARN_BOOL_CONVERSION = YES;
				CLANG_WARN_COMMA = YES;
				CLANG_WARN_CONSTANT_CONVERSION = YES;
				CLANG_WARN_DEPRECATED_OBJC_IMPLEMENTATIONS = YES;
				CLANG_WARN_DIRECT_OBJC_ISA_USAGE = YES_ERROR;
				CLANG_WARN_DOCUMENTATION_COMMENTS = YES;
				CLANG_WARN_EMPTY_BODY = YES;
				CLANG_WARN_ENUM_CONVERSION = YES;
				CLANG_WARN_INFINITE_RECURSION = YES;
				CLANG_WARN_INT_CONVERSION = YES;
				CLANG_WARN_NON_LITERAL_NULL_CONVERSION = YES;
				CLANG_WARN_OBJC_IMPLICIT_RETAIN_SELF = YES;
				CLANG_WARN_OBJC_LITERAL_CONVERSION = YES;
				CLANG_WARN_OBJC_ROOT_CLASS = YES_ERROR;
				CLANG_WARN_QUOTED_INCLUDE_IN_FRAMEWORK_HEADER = YES;
				CLANG_WARN_RANGE_LOOP_ANALYSIS = YES;
				CLANG_WARN_STRICT_PROTOTYPES = YES;
				CLANG_WARN_SUSPICIOUS_MOVE = YES;
				CLANG_WARN_UNGUARDED_AVAILABILITY = YES_AGGRESSIVE;
				CLANG_WARN_UNREACHABLE_CODE = YES;
				CLANG_WARN__DUPLICATE_METHOD_MATCH = YES;
				COPY_PHASE_STRIP = NO;
				DEAD_CODE_STRIPPING = YES;
				DEBUG_INFORMATION_FORMAT = dwarf;
				DEVELOPMENT_TEAM = NZ5S9522PW;
				ENABLE_STRICT_OBJC_MSGSEND = YES;
				ENABLE_TESTABILITY = YES;
				ENABLE_USER_SCRIPT_SANDBOXING = YES;
				GCC_C_LANGUAGE_STANDARD = gnu17;
				GCC_DYNAMIC_NO_PIC = NO;
				GCC_NO_COMMON_BLOCKS = YES;
				GCC_OPTIMIZATION_LEVEL = 0;
				GCC_PREPROCESSOR_DEFINITIONS = (
					"DEBUG=1",
					"$(inherited)",
				);
				GCC_WARN_64_TO_32_BIT_CONVERSION = YES;
				GCC_WARN_ABOUT_RETURN_TYPE = YES_ERROR;
				GCC_WARN_UNDECLARED_SELECTOR = YES;
				GCC_WARN_UNINITIALIZED_AUTOS = YES_AGGRESSIVE;
				GCC_WARN_UNUSED_FUNCTION = YES;
				GCC_WARN_UNUSED_VARIABLE = YES;
				LOCALIZATION_PREFERS_STRING_CATALOGS = YES;
				MTL_ENABLE_DEBUG_INFO = INCLUDE_SOURCE;
				MTL_FAST_MATH = YES;
				ONLY_ACTIVE_ARCH = YES;
				STRING_CATALOG_GENERATE_SYMBOLS = YES;
				SWIFT_ACTIVE_COMPILATION_CONDITIONS = "DEBUG $(inherited)";
				SWIFT_OPTIMIZATION_LEVEL = "-Onone";
			};
			name = Debug;
		};
		BC9A495B2EA2CCAF00011997 /* Release */ = {
			isa = XCBuildConfiguration;
			buildSettings = {
				ALWAYS_SEARCH_USER_PATHS = NO;
				ASSETCATALOG_COMPILER_GENERATE_SWIFT_ASSET_SYMBOL_EXTENSIONS = YES;
				CLANG_ANALYZER_NONNULL = YES;
				CLANG_ANALYZER_NUMBER_OBJECT_CONVERSION = YES_AGGRESSIVE;
				CLANG_CXX_LANGUAGE_STANDARD = "gnu++20";
				CLANG_ENABLE_MODULES = YES;
				CLANG_ENABLE_OBJC_ARC = YES;
				CLANG_ENABLE_OBJC_WEAK = YES;
				CLANG_WARN_BLOCK_CAPTURE_AUTORELEASING = YES;
				CLANG_WARN_BOOL_CONVERSION = YES;
				CLANG_WARN_COMMA = YES;
				CLANG_WARN_CONSTANT_CONVERSION = YES;
				CLANG_WARN_DEPRECATED_OBJC_IMPLEMENTATIONS = YES;
				CLANG_WARN_DIRECT_OBJC_ISA_USAGE = YES_ERROR;
				CLANG_WARN_DOCUMENTATION_COMMENTS = YES;
				CLANG_WARN_EMPTY_BODY = YES;
				CLANG_WARN_ENUM_CONVERSION = YES;
				CLANG_WARN_INFINITE_RECURSION = YES;
				CLANG_WARN_INT_CONVERSION = YES;
				CLANG_WARN_NON_LITERAL_NULL_CONVERSION = YES;
				CLANG_WARN_OBJC_IMPLICIT_RETAIN_SELF = YES;
				CLANG_WARN_OBJC_LITERAL_CONVERSION = YES;
				CLANG_WARN_OBJC_ROOT_CLASS = YES_ERROR;
				CLANG_WARN_QUOTED_INCLUDE_IN_FRAMEWORK_HEADER = YES;
				CLANG_WARN_RANGE_LOOP_ANALYSIS = YES;
				CLANG_WARN_STRICT_PROTOTYPES = YES;
				CLANG_WARN_SUSPICIOUS_MOVE = YES;
				CLANG_WARN_UNGUARDED_AVAILABILITY = YES_AGGRESSIVE;
				CLANG_WARN_UNREACHABLE_CODE = YES;
				CLANG_WARN__DUPLICATE_METHOD_MATCH = YES;
				COPY_PHASE_STRIP = NO;
				DEAD_CODE_STRIPPING = YES;
				DEBUG_INFORMATION_FORMAT = "dwarf-with-dsym";
				DEVELOPMENT_TEAM = NZ5S9522PW;
				ENABLE_NS_ASSERTIONS = NO;
				ENABLE_STRICT_OBJC_MSGSEND = YES;
				ENABLE_USER_SCRIPT_SANDBOXING = YES;
				GCC_C_LANGUAGE_STANDARD = gnu17;
				GCC_NO_COMMON_BLOCKS = YES;
				GCC_WARN_64_TO_32_BIT_CONVERSION = YES;
				GCC_WARN_ABOUT_RETURN_TYPE = YES_ERROR;
				GCC_WARN_UNDECLARED_SELECTOR = YES;
				GCC_WARN_UNINITIALIZED_AUTOS = YES_AGGRESSIVE;
				GCC_WARN_UNUSED_FUNCTION = YES;
				GCC_WARN_UNUSED_VARIABLE = YES;
				LOCALIZATION_PREFERS_STRING_CATALOGS = YES;
				MTL_ENABLE_DEBUG_INFO = NO;
				MTL_FAST_MATH = YES;
				STRING_CATALOG_GENERATE_SYMBOLS = YES;
				SWIFT_COMPILATION_MODE = wholemodule;
			};
			name = Release;
		};
		BC9A495D2EA2CCAF00011997 /* Debug */ = {
			isa = XCBuildConfiguration;
			buildSettings = {
				ASSETCATALOG_COMPILER_APPICON_NAME = AppIcon;
				ASSETCATALOG_COMPILER_GLOBAL_ACCENT_COLOR_NAME = AccentColor;
				CODE_SIGN_ENTITLEMENTS = Kbuck/Kbuck.entitlements;
				CODE_SIGN_STYLE = Automatic;
				CURRENT_PROJECT_VERSION = 1;
				DEAD_CODE_STRIPPING = YES;
				DEVELOPMENT_TEAM = NZ5S9522PW;
				ENABLE_APP_SANDBOX = YES;
				ENABLE_HARDENED_RUNTIME = YES;
				ENABLE_INCOMING_NETWORK_CONNECTIONS = YES;
				ENABLE_OUTGOING_NETWORK_CONNECTIONS = YES;
				ENABLE_PREVIEWS = YES;
				ENABLE_RESOURCE_ACCESS_AUDIO_INPUT = NO;
				ENABLE_RESOURCE_ACCESS_BLUETOOTH = NO;
				ENABLE_RESOURCE_ACCESS_CALENDARS = YES;
				ENABLE_RESOURCE_ACCESS_CAMERA = NO;
				ENABLE_RESOURCE_ACCESS_CONTACTS = NO;
				ENABLE_RESOURCE_ACCESS_LOCATION = YES;
				ENABLE_RESOURCE_ACCESS_PRINTING = NO;
				ENABLE_RESOURCE_ACCESS_USB = NO;
				ENABLE_USER_SELECTED_FILES = readonly;
				GENERATE_INFOPLIST_FILE = YES;
				INFOPLIST_FILE = Kbuck/Info.plist;
				INFOPLIST_KEY_CFBundleDisplayName = "HDP Auction";
				INFOPLIST_KEY_ITSAppUsesNonExemptEncryption = NO;
				INFOPLIST_KEY_LSApplicationCategoryType = "public.app-category.business";
				INFOPLIST_KEY_NSCalendarsUsageDescription = NSCalendarsUsageDescription;
				"INFOPLIST_KEY_UIApplicationSceneManifest_Generation[sdk=iphoneos*]" = YES;
				"INFOPLIST_KEY_UIApplicationSceneManifest_Generation[sdk=iphonesimulator*]" = YES;
				"INFOPLIST_KEY_UIApplicationSupportsIndirectInputEvents[sdk=iphoneos*]" = YES;
				"INFOPLIST_KEY_UIApplicationSupportsIndirectInputEvents[sdk=iphonesimulator*]" = YES;
				"INFOPLIST_KEY_UILaunchScreen_Generation[sdk=iphoneos*]" = YES;
				"INFOPLIST_KEY_UILaunchScreen_Generation[sdk=iphonesimulator*]" = YES;
				"INFOPLIST_KEY_UIStatusBarStyle[sdk=iphoneos*]" = UIStatusBarStyleDefault;
				"INFOPLIST_KEY_UIStatusBarStyle[sdk=iphonesimulator*]" = UIStatusBarStyleDefault;
				INFOPLIST_KEY_UISupportedInterfaceOrientations_iPad = "UIInterfaceOrientationPortrait UIInterfaceOrientationPortraitUpsideDown UIInterfaceOrientationLandscapeLeft UIInterfaceOrientationLandscapeRight";
				INFOPLIST_KEY_UISupportedInterfaceOrientations_iPhone = "UIInterfaceOrientationPortrait UIInterfaceOrientationLandscapeLeft UIInterfaceOrientationLandscapeRight";
				IPHONEOS_DEPLOYMENT_TARGET = 26.0;
				LD_RUNPATH_SEARCH_PATHS = "@executable_path/Frameworks";
				"LD_RUNPATH_SEARCH_PATHS[sdk=macosx*]" = "@executable_path/../Frameworks";
				MACOSX_DEPLOYMENT_TARGET = 26.1;
				MARKETING_VERSION = 2.2;
				PRODUCT_BUNDLE_IDENTIFIER = smartdecision.Kbuck;
				PRODUCT_NAME = "$(TARGET_NAME)";
				REGISTER_APP_GROUPS = YES;
				SDKROOT = auto;
				STRING_CATALOG_GENERATE_SYMBOLS = YES;
				SUPPORTED_PLATFORMS = "iphoneos iphonesimulator macosx xros xrsimulator";
				SWIFT_APPROACHABLE_CONCURRENCY = YES;
				SWIFT_DEFAULT_ACTOR_ISOLATION = MainActor;
				SWIFT_EMIT_LOC_STRINGS = YES;
				SWIFT_UPCOMING_FEATURE_MEMBER_IMPORT_VISIBILITY = YES;
				SWIFT_VERSION = 5.0;
				TARGETED_DEVICE_FAMILY = "1,2,7";
				XROS_DEPLOYMENT_TARGET = 26.1;
			};
			name = Debug;
		};
		BC9A495E2EA2CCAF00011997 /* Release */ = {
			isa = XCBuildConfiguration;
			buildSettings = {
				ASSETCATALOG_COMPILER_APPICON_NAME = AppIcon;
				ASSETCATALOG_COMPILER_GLOBAL_ACCENT_COLOR_NAME = AccentColor;
				CODE_SIGN_ENTITLEMENTS = Kbuck/Kbuck.entitlements;
				CODE_SIGN_STYLE = Automatic;
				CURRENT_PROJECT_VERSION = 1;
				DEAD_CODE_STRIPPING = YES;
				DEVELOPMENT_TEAM = NZ5S9522PW;
				ENABLE_APP_SANDBOX = YES;
				ENABLE_HARDENED_RUNTIME = YES;
				ENABLE_INCOMING_NETWORK_CONNECTIONS = YES;
				ENABLE_OUTGOING_NETWORK_CONNECTIONS = YES;
				ENABLE_PREVIEWS = YES;
				ENABLE_RESOURCE_ACCESS_AUDIO_INPUT = NO;
				ENABLE_RESOURCE_ACCESS_BLUETOOTH = NO;
				ENABLE_RESOURCE_ACCESS_CALENDARS = YES;
				ENABLE_RESOURCE_ACCESS_CAMERA = NO;
				ENABLE_RESOURCE_ACCESS_CONTACTS = NO;
				ENABLE_RESOURCE_ACCESS_LOCATION = YES;
				ENABLE_RESOURCE_ACCESS_PRINTING = NO;
				ENABLE_RESOURCE_ACCESS_USB = NO;
				ENABLE_USER_SELECTED_FILES = readonly;
				GENERATE_INFOPLIST_FILE = YES;
				INFOPLIST_FILE = Kbuck/Info.plist;
				INFOPLIST_KEY_CFBundleDisplayName = "HDP Auction";
				INFOPLIST_KEY_ITSAppUsesNonExemptEncryption = NO;
				INFOPLIST_KEY_LSApplicationCategoryType = "public.app-category.business";
				INFOPLIST_KEY_NSCalendarsUsageDescription = NSCalendarsUsageDescription;
				"INFOPLIST_KEY_UIApplicationSceneManifest_Generation[sdk=iphoneos*]" = YES;
				"INFOPLIST_KEY_UIApplicationSceneManifest_Generation[sdk=iphonesimulator*]" = YES;
				"INFOPLIST_KEY_UIApplicationSupportsIndirectInputEvents[sdk=iphoneos*]" = YES;
				"INFOPLIST_KEY_UIApplicationSupportsIndirectInputEvents[sdk=iphonesimulator*]" = YES;
				"INFOPLIST_KEY_UILaunchScreen_Generation[sdk=iphoneos*]" = YES;
				"INFOPLIST_KEY_UILaunchScreen_Generation[sdk=iphonesimulator*]" = YES;
				"INFOPLIST_KEY_UIStatusBarStyle[sdk=iphoneos*]" = UIStatusBarStyleDefault;
				"INFOPLIST_KEY_UIStatusBarStyle[sdk=iphonesimulator*]" = UIStatusBarStyleDefault;
				INFOPLIST_KEY_UISupportedInterfaceOrientations_iPad = "UIInterfaceOrientationPortrait UIInterfaceOrientationPortraitUpsideDown UIInterfaceOrientationLandscapeLeft UIInterfaceOrientationLandscapeRight";
				INFOPLIST_KEY_UISupportedInterfaceOrientations_iPhone = "UIInterfaceOrientationPortrait UIInterfaceOrientationLandscapeLeft UIInterfaceOrientationLandscapeRight";
				IPHONEOS_DEPLOYMENT_TARGET = 26.0;
				LD_RUNPATH_SEARCH_PATHS = "@executable_path/Frameworks";
				"LD_RUNPATH_SEARCH_PATHS[sdk=macosx*]" = "@executable_path/../Frameworks";
				MACOSX_DEPLOYMENT_TARGET = 26.1;
				MARKETING_VERSION = 2.2;
				PRODUCT_BUNDLE_IDENTIFIER = smartdecision.Kbuck;
				PRODUCT_NAME = "$(TARGET_NAME)";
				REGISTER_APP_GROUPS = YES;
				SDKROOT = auto;
				STRING_CATALOG_GENERATE_SYMBOLS = YES;
				SUPPORTED_PLATFORMS = "iphoneos iphonesimulator macosx xros xrsimulator";
				SWIFT_APPROACHABLE_CONCURRENCY = YES;
				SWIFT_DEFAULT_ACTOR_ISOLATION = MainActor;
				SWIFT_EMIT_LOC_STRINGS = YES;
				SWIFT_UPCOMING_FEATURE_MEMBER_IMPORT_VISIBILITY = YES;
				SWIFT_VERSION = 5.0;
				TARGETED_DEVICE_FAMILY = "1,2,7";
				XROS_DEPLOYMENT_TARGET = 26.1;
			};
			name = Release;
		};
		BC9A49602EA2CCAF00011997 /* Debug */ = {
			isa = XCBuildConfiguration;
			buildSettings = {
				BUNDLE_LOADER = "$(TEST_HOST)";
				CODE_SIGN_STYLE = Automatic;
				CURRENT_PROJECT_VERSION = 1;
				DEAD_CODE_STRIPPING = YES;
				DEVELOPMENT_TEAM = NZ5S9522PW;
				GENERATE_INFOPLIST_FILE = YES;
				IPHONEOS_DEPLOYMENT_TARGET = 26.1;
				MACOSX_DEPLOYMENT_TARGET = 26.1;
				MARKETING_VERSION = 1.0;
				PRODUCT_BUNDLE_IDENTIFIER = smartdecision.KbuckTests;
				PRODUCT_NAME = "$(TARGET_NAME)";
				SDKROOT = auto;
				STRING_CATALOG_GENERATE_SYMBOLS = NO;
				SUPPORTED_PLATFORMS = "iphoneos iphonesimulator macosx xros xrsimulator";
				SWIFT_APPROACHABLE_CONCURRENCY = YES;
				SWIFT_EMIT_LOC_STRINGS = NO;
				SWIFT_UPCOMING_FEATURE_MEMBER_IMPORT_VISIBILITY = YES;
				SWIFT_VERSION = 5.0;
				TARGETED_DEVICE_FAMILY = "1,2,7";
				TEST_HOST = "$(BUILT_PRODUCTS_DIR)/Kbuck.app/$(BUNDLE_EXECUTABLE_FOLDER_PATH)/Kbuck";
				XROS_DEPLOYMENT_TARGET = 26.1;
			};
			name = Debug;
		};
		BC9A49612EA2CCAF00011997 /* Release */ = {
			isa = XCBuildConfiguration;
			buildSettings = {
				BUNDLE_LOADER = "$(TEST_HOST)";
				CODE_SIGN_STYLE = Automatic;
				CURRENT_PROJECT_VERSION = 1;
				DEAD_CODE_STRIPPING = YES;
				DEVELOPMENT_TEAM = NZ5S9522PW;
				GENERATE_INFOPLIST_FILE = YES;
				IPHONEOS_DEPLOYMENT_TARGET = 26.1;
				MACOSX_DEPLOYMENT_TARGET = 26.1;
				MARKETING_VERSION = 1.0;
				PRODUCT_BUNDLE_IDENTIFIER = smartdecision.KbuckTests;
				PRODUCT_NAME = "$(TARGET_NAME)";
				SDKROOT = auto;
				STRING_CATALOG_GENERATE_SYMBOLS = NO;
				SUPPORTED_PLATFORMS = "iphoneos iphonesimulator macosx xros xrsimulator";
				SWIFT_APPROACHABLE_CONCURRENCY = YES;
				SWIFT_EMIT_LOC_STRINGS = NO;
				SWIFT_UPCOMING_FEATURE_MEMBER_IMPORT_VISIBILITY = YES;
				SWIFT_VERSION = 5.0;
				TARGETED_DEVICE_FAMILY = "1,2,7";
				TEST_HOST = "$(BUILT_PRODUCTS_DIR)/Kbuck.app/$(BUNDLE_EXECUTABLE_FOLDER_PATH)/Kbuck";
				XROS_DEPLOYMENT_TARGET = 26.1;
			};
			name = Release;
		};
		BC9A49632EA2CCAF00011997 /* Debug */ = {
			isa = XCBuildConfiguration;
			buildSettings = {
				CODE_SIGN_STYLE = Automatic;
				CURRENT_PROJECT_VERSION = 1;
				DEAD_CODE_STRIPPING = YES;
				DEVELOPMENT_TEAM = NZ5S9522PW;
				GENERATE_INFOPLIST_FILE = YES;
				IPHONEOS_DEPLOYMENT_TARGET = 26.1;
				MACOSX_DEPLOYMENT_TARGET = 26.1;
				MARKETING_VERSION = 1.0;
				PRODUCT_BUNDLE_IDENTIFIER = smartdecision.KbuckUITests;
				PRODUCT_NAME = "$(TARGET_NAME)";
				SDKROOT = auto;
				STRING_CATALOG_GENERATE_SYMBOLS = NO;
				SUPPORTED_PLATFORMS = "iphoneos iphonesimulator macosx xros xrsimulator";
				SWIFT_APPROACHABLE_CONCURRENCY = YES;
				SWIFT_EMIT_LOC_STRINGS = NO;
				SWIFT_UPCOMING_FEATURE_MEMBER_IMPORT_VISIBILITY = YES;
				SWIFT_VERSION = 5.0;
				TARGETED_DEVICE_FAMILY = "1,2,7";
				TEST_TARGET_NAME = Kbuck;
				XROS_DEPLOYMENT_TARGET = 26.1;
			};
			name = Debug;
		};
		BC9A49642EA2CCAF00011997 /* Release */ = {
			isa = XCBuildConfiguration;
			buildSettings = {
				CODE_SIGN_STYLE = Automatic;
				CURRENT_PROJECT_VERSION = 1;
				DEAD_CODE_STRIPPING = YES;
				DEVELOPMENT_TEAM = NZ5S9522PW;
				GENERATE_INFOPLIST_FILE = YES;
				IPHONEOS_DEPLOYMENT_TARGET = 26.1;
				MACOSX_DEPLOYMENT_TARGET = 26.1;
				MARKETING_VERSION = 1.0;
				PRODUCT_BUNDLE_IDENTIFIER = smartdecision.KbuckUITests;
				PRODUCT_NAME = "$(TARGET_NAME)";
				SDKROOT = auto;
				STRING_CATALOG_GENERATE_SYMBOLS = NO;
				SUPPORTED_PLATFORMS = "iphoneos iphonesimulator macosx xros xrsimulator";
				SWIFT_APPROACHABLE_CONCURRENCY = YES;
				SWIFT_EMIT_LOC_STRINGS = NO;
				SWIFT_UPCOMING_FEATURE_MEMBER_IMPORT_VISIBILITY = YES;
				SWIFT_VERSION = 5.0;
				TARGETED_DEVICE_FAMILY = "1,2,7";
				TEST_TARGET_NAME = Kbuck;
				XROS_DEPLOYMENT_TARGET = 26.1;
			};
			name = Release;
		};
/* End XCBuildConfiguration section */

/* Begin XCConfigurationList section */
		BC9A49362EA2CCAE00011997 /* Build configuration list for PBXProject "Kbuck" */ = {
			isa = XCConfigurationList;
			buildConfigurations = (
				BC9A495A2EA2CCAF00011997 /* Debug */,
				BC9A495B2EA2CCAF00011997 /* Release */,
			);
			defaultConfigurationIsVisible = 0;
			defaultConfigurationName = Release;
		};
		BC9A495C2EA2CCAF00011997 /* Build configuration list for PBXNativeTarget "Kbuck" */ = {
			isa = XCConfigurationList;
			buildConfigurations = (
				BC9A495D2EA2CCAF00011997 /* Debug */,
				BC9A495E2EA2CCAF00011997 /* Release */,
			);
			defaultConfigurationIsVisible = 0;
			defaultConfigurationName = Release;
		};
		BC9A495F2EA2CCAF00011997 /* Build configuration list for PBXNativeTarget "KbuckTests" */ = {
			isa = XCConfigurationList;
			buildConfigurations = (
				BC9A49602EA2CCAF00011997 /* Debug */,
				BC9A49612EA2CCAF00011997 /* Release */,
			);
			defaultConfigurationIsVisible = 0;
			defaultConfigurationName = Release;
		};
		BC9A49622EA2CCAF00011997 /* Build configuration list for PBXNativeTarget "KbuckUITests" */ = {
			isa = XCConfigurationList;
			buildConfigurations = (
				BC9A49632EA2CCAF00011997 /* Debug */,
				BC9A49642EA2CCAF00011997 /* Release */,
			);
			defaultConfigurationIsVisible = 0;
			defaultConfigurationName = Release;
		};
/* End XCConfigurationList section */

/* Begin XCRemoteSwiftPackageReference section */
		BCD18D662F746F5B0018C5E6 /* XCRemoteSwiftPackageReference "supabase-swift" */ = {
			isa = XCRemoteSwiftPackageReference;
			repositoryURL = "https://github.com/supabase-community/supabase-swift";
			requirement = {
				kind = upToNextMajorVersion;
				minimumVersion = 2.5.1;
			};
		};
/* End XCRemoteSwiftPackageReference section */

/* Begin XCSwiftPackageProductDependency section */
		BCD18D672F746F5B0018C5E6 /* Auth */ = {
			isa = XCSwiftPackageProductDependency;
			package = BCD18D662F746F5B0018C5E6 /* XCRemoteSwiftPackageReference "supabase-swift" */;
			productName = Auth;
		};
		BCD18D692F746F5B0018C5E6 /* Functions */ = {
			isa = XCSwiftPackageProductDependency;
			package = BCD18D662F746F5B0018C5E6 /* XCRemoteSwiftPackageReference "supabase-swift" */;
			productName = Functions;
		};
		BCD18D6B2F746F5B0018C5E6 /* PostgREST */ = {
			isa = XCSwiftPackageProductDependency;
			package = BCD18D662F746F5B0018C5E6 /* XCRemoteSwiftPackageReference "supabase-swift" */;
			productName = PostgREST;
		};
		BCD18D6D2F746F5B0018C5E6 /* Realtime */ = {
			isa = XCSwiftPackageProductDependency;
			package = BCD18D662F746F5B0018C5E6 /* XCRemoteSwiftPackageReference "supabase-swift" */;
			productName = Realtime;
		};
		BCD18D6F2F746F5B0018C5E6 /* Storage */ = {
			isa = XCSwiftPackageProductDependency;
			package = BCD18D662F746F5B0018C5E6 /* XCRemoteSwiftPackageReference "supabase-swift" */;
			productName = Storage;
		};
		BCD18D712F746F5B0018C5E6 /* Supabase */ = {
			isa = XCSwiftPackageProductDependency;
			package = BCD18D662F746F5B0018C5E6 /* XCRemoteSwiftPackageReference "supabase-swift" */;
			productName = Supabase;
		};
/* End XCSwiftPackageProductDependency section */
	};
	rootObject = BC9A49332EA2CCAE00011997 /* Project object */;
}
